github.com/gofrs/uuid v3.2.0+incompatible h1:y12jRkkFxsd7GpqdSZ+/KCs/fJbqpEXSGd4+jfEaewE=
github.com/gofrs/uuid v3.2.0+incompatible/go.mod h1:b2aQJv3Z4Fp6yNu3cdSllBxTCLRxnplIgP/c0N/04lM=
github.com/google/uuid v1.1.1 h1:Gkbcsh/GbpXz7lPftLA3P6TYMwjCLYm83jiFQZF/3gY=
github.com/google/uuid v1.1.1/go.mod h1:TIyPZe4MgqvfeYDBFedMoGGpEw/LqOeaOT+nhxU+yHo=
nullprogram.com/x/isaac64 v1.0.0 h1:60wAUcmF8LI7bqmIR84aCviOFYsZ16uzVVQwEv0KMo0=
nullprogram.com/x/isaac64 v1.0.0/go.mod h1:50jMhq3WThwRpM4z6xTHwp94BMqha3WbuKWb2vRxr78=
